// !$*UTF8*$!
{
	archiveVersion = 1;
	classes = {
	};
	objectVersion = 56;
	objects = {

/* Begin PBXBuildFile section */
		3EE4595C2B0A5F5500E5255A /* learn_firebaseApp.swift in Sources */ = {isa = PBXBuildFile; fileRef = 3EE4595B2B0A5F5500E5255A /* learn_firebaseApp.swift */; };
		3EE4595E2B0A5F5500E5255A /* ContentView.swift in Sources */ = {isa = PBXBuildFile; fileRef = 3EE4595D2B0A5F5500E5255A /* ContentView.swift */; };
		3EE459602B0A5F5700E5255A /* Assets.xcassets in Resources */ = {isa = PBXBuildFile; fileRef = 3EE4595F2B0A5F5700E5255A /* Assets.xcassets */; };
		3EE459632B0A5F5700E5255A /* Preview Assets.xcassets in Resources */ = {isa = PBXBuildFile; fileRef = 3EE459622B0A5F5700E5255A /* Preview Assets.xcassets */; };
		3EE4596D2B0B184000E5255A /* FirebaseAuth in Frameworks */ = {isa = PBXBuildFile; productRef = 3EE4596C2B0B184000E5255A /* FirebaseAuth */; };
		3EE4596F2B0B18B400E5255A /* GoogleService-Info.plist in Resources */ = {isa = PBXBuildFile; fileRef = 3EE4596E2B0B18B400E5255A /* GoogleService-Info.plist */; };
		3EE459712B0B196400E5255A /* AuthenticationView.swift in Sources */ = {isa = PBXBuildFile; fileRef = 3EE459702B0B196400E5255A /* AuthenticationView.swift */; };
		3EE459732B0B19F500E5255A /* SignInWithEmailView.swift in Sources */ = {isa = PBXBuildFile; fileRef = 3EE459722B0B19F500E5255A /* SignInWithEmailView.swift */; };
		3EE459752B0B1D0A00E5255A /* AuthenticationManager.swift in Sources */ = {isa = PBXBuildFile; fileRef = 3EE459742B0B1D0A00E5255A /* AuthenticationManager.swift */; };
		3EE459772B0B2BAA00E5255A /* RootView.swift in Sources */ = {isa = PBXBuildFile; fileRef = 3EE459762B0B2BAA00E5255A /* RootView.swift */; };
/* End PBXBuildFile section */

/* Begin PBXFileReference section */
		3EE459582B0A5F5500E5255A /* learn-firebase.app */ = {isa = PBXFileReference; explicitFileType = wrapper.application; includeInIndex = 0; path = "learn-firebase.app"; sourceTree = BUILT_PRODUCTS_DIR; };
		3EE4595B2B0A5F5500E5255A /* learn_firebaseApp.swift */ = {isa = PBXFileReference; lastKnownFileType = sourcecode.swift; path = learn_firebaseApp.swift; sourceTree = "<group>"; };
		3EE4595D2B0A5F5500E5255A /* ContentView.swift */ = {isa = PBXFileReference; lastKnownFileType = sourcecode.swift; path = ContentView.swift; sourceTree = "<group>"; };
		3EE4595F2B0A5F5700E5255A /* Assets.xcassets */ = {isa = PBXFileReference; lastKnownFileType = folder.assetcatalog; path = Assets.xcassets; sourceTree = "<group>"; };
		3EE459622B0A5F5700E5255A /* Preview Assets.xcassets */ = {isa = PBXFileReference; lastKnownFileType = folder.assetcatalog; path = "Preview Assets.xcassets"; sourceTree = "<group>"; };
		3EE4596E2B0B18B400E5255A /* GoogleService-Info.plist */ = {isa = PBXFileReference; fileEncoding = 4; lastKnownFileType = text.plist.xml; path = "GoogleService-Info.plist"; sourceTree = "<group>"; };
		3EE459702B0B196400E5255A /* AuthenticationView.swift */ = {isa = PBXFileReference; lastKnownFileType = sourcecode.swift; path = AuthenticationView.swift; sourceTree = "<group>"; };
		3EE459722B0B19F500E5255A /* SignInWithEmailView.swift */ = {isa = PBXFileReference; lastKnownFileType = sourcecode.swift; path = SignInWithEmailView.swift; sourceTree = "<group>"; };
		3EE459742B0B1D0A00E5255A /* AuthenticationManager.swift */ = {isa = PBXFileReference; lastKnownFileType = sourcecode.swift; path = AuthenticationManager.swift; sourceTree = "<group>"; };
		3EE459762B0B2BAA00E5255A /* RootView.swift */ = {isa = PBXFileReference; lastKnownFileType = sourcecode.swift; path = RootView.swift; sourceTree = "<group>"; };
/* End PBXFileReference section */

/* Begin PBXFrameworksBuildPhase section */
		3EE459552B0A5F5500E5255A /* Frameworks */ = {
			isa = PBXFrameworksBuildPhase;
			buildActionMask = 2147483647;
			files = (
				3EE4596D2B0B184000E5255A /* FirebaseAuth in Frameworks */,
			);
			runOnlyForDeploymentPostprocessing = 0;
		};
/* End PBXFrameworksBuildPhase section */

/* Begin PBXGroup section */
		3EE4594F2B0A5F5500E5255A = {
			isa = PBXGroup;
			children = (
				3EE4595A2B0A5F5500E5255A /* learn-firebase */,
				3EE459592B0A5F5500E5255A /* Products */,
				3EE4596B2B0B184000E5255A /* Frameworks */,
			);
			sourceTree = "<group>";
		};
		3EE459592B0A5F5500E5255A /* Products */ = {
			isa = PBXGroup;
			children = (
				3EE459582B0A5F5500E5255A /* learn-firebase.app */,
			);
			name = Products;
			sourceTree = "<group>";
		};
		3EE4595A2B0A5F5500E5255A /* learn-firebase */ = {
			isa = PBXGroup;
			children = (
				3EE4596E2B0B18B400E5255A /* GoogleService-Info.plist */,
				3EE4596A2B0B181A00E5255A /* Authentication */,
				3EE4595B2B0A5F5500E5255A /* learn_firebaseApp.swift */,
				3EE4595D2B0A5F5500E5255A /* ContentView.swift */,
				3EE4595F2B0A5F5700E5255A /* Assets.xcassets */,
				3EE459612B0A5F5700E5255A /* Preview Content */,
			);
			path = "learn-firebase";
			sourceTree = "<group>";
		};
		3EE459612B0A5F5700E5255A /* Preview Content */ = {
			isa = PBXGroup;
			children = (
				3EE459622B0A5F5700E5255A /* Preview Assets.xcassets */,
			);
			path = "Preview Content";
			sourceTree = "<group>";
		};
		3EE4596A2B0B181A00E5255A /* Authentication */ = {
			isa = PBXGroup;
			children = (
				3EE459702B0B196400E5255A /* AuthenticationView.swift */,
				3EE459722B0B19F500E5255A /* SignInWithEmailView.swift */,
				3EE459742B0B1D0A00E5255A /* AuthenticationManager.swift */,
				3EE459762B0B2BAA00E5255A /* RootView.swift */,
			);
			path = Authentication;
			sourceTree = "<group>";
		};
		3EE4596B2B0B184000E5255A /* Frameworks */ = {
			isa = PBXGroup;
			children = (
			);
			name = Frameworks;
			sourceTree = "<group>";
		};
/* End PBXGroup section */

/* Begin PBXNativeTarget section */
		3EE459572B0A5F5500E5255A /* learn-firebase */ = {
			isa = PBXNativeTarget;
			buildConfigurationList = 3EE459662B0A5F5700E5255A /* Build configuration list for PBXNativeTarget "learn-firebase" */;
			buildPhases = (
				3EE459542B0A5F5500E5255A /* Sources */,
				3EE459552B0A5F5500E5255A /* Frameworks */,
				3EE459562B0A5F5500E5255A /* Resources */,
			);
			buildRules = (
			);
			dependencies = (
			);
			name = "learn-firebase";
			packageProductDependencies = (
				3EE4596C2B0B184000E5255A /* FirebaseAuth */,
			);
			productName = "learn-firebase";
			productReference = 3EE459582B0A5F5500E5255A /* learn-firebase.app */;
			productType = "com.apple.product-type.application";
		};
/* End PBXNativeTarget section */

/* Begin PBXProject section */
		3EE459502B0A5F5500E5255A /* Project object */ = {
			isa = PBXProject;
			attributes = {
				BuildIndependentTargetsInParallel = 1;
				LastSwiftUpdateCheck = 1430;
				LastUpgradeCheck = 1430;
				TargetAttributes = {
					3EE459572B0A5F5500E5255A = {
						CreatedOnToolsVersion = 14.3;
					};
				};
			};
			buildConfigurationList = 3EE459532B0A5F5500E5255A /* Build configuration list for PBXProject "learn-firebase" */;
			compatibilityVersion = "Xcode 14.0";
			developmentRegion = en;
			hasScannedForEncodings = 0;
			knownRegions = (
				en,
				Base,
			);
			mainGroup = 3EE4594F2B0A5F5500E5255A;
			packageReferences = (
				3EE459692B0B16C900E5255A /* XCRemoteSwiftPackageReference "firebase-ios-sdk" */,
			);
			productRefGroup = 3EE459592B0A5F5500E5255A /* Products */;
			projectDirPath = "";
			projectRoot = "";
			targets = (
				3EE459572B0A5F5500E5255A /* learn-firebase */,
			);
		};
/* End PBXProject section */

/* Begin PBXResourcesBuildPhase section */
		3EE459562B0A5F5500E5255A /* Resources */ = {
			isa = PBXResourcesBuildPhase;
			buildActionMask = 2147483647;
			files = (
				3EE459632B0A5F5700E5255A /* Preview Assets.xcassets in Resources */,
				3EE459602B0A5F5700E5255A /* Assets.xcassets in Resources */,
				3EE4596F2B0B18B400E5255A /* GoogleService-Info.plist in Resources */,
			);
			runOnlyForDeploymentPostprocessing = 0;
		};
/* End PBXResourcesBuildPhase section */

/* Begin PBXSourcesBuildPhase section */
		3EE459542B0A5F5500E5255A /* Sources */ = {
			isa = PBXSourcesBuildPhase;
			buildActionMask = 2147483647;
			files = (
				3EE4595E2B0A5F5500E5255A /* ContentView.swift in Sources */,
				3EE4595C2B0A5F5500E5255A /* learn_firebaseApp.swift in Sources */,
				3EE459772B0B2BAA00E5255A /* RootView.swift in Sources */,
				3EE459712B0B196400E5255A /* AuthenticationView.swift in Sources */,
				3EE459752B0B1D0A00E5255A /* AuthenticationManager.swift in Sources */,
				3EE459732B0B19F500E5255A /* SignInWithEmailView.swift in Sources */,
			);
			runOnlyForDeploymentPostprocessing = 0;
		};
/* End PBXSourcesBuildPhase section */

/* Begin XCBuildConfiguration section */
		3EE459642B0A5F5700E5255A /* Debug */ = {
			isa = XCBuildConfiguration;
			buildSettings = {
				ALWAYS_SEARCH_USER_PATHS = NO;
				CLANG_ANALYZER_NONNULL = YES;
				CLANG_ANALYZER_NUMBER_OBJECT_CONVERSION = YES_AGGRESSIVE;
				CLANG_CXX_LANGUAGE_STANDARD = "gnu++20";
				CLANG_ENABLE_MODULES = YES;
				CLANG_ENABLE_OBJC_ARC = YES;
				CLANG_ENABLE_OBJC_WEAK = YES;
				CLANG_WARN_BLOCK_CAPTURE_AUTORELEASING = YES;
				CLANG_WARN_BOOL_CONVERSION = YES;
				CLANG_WARN_COMMA = YES;
				CLANG_WARN_CONSTANT_CONVERSION = YES;
				CLANG_WARN_DEPRECATED_OBJC_IMPLEMENTATIONS = YES;
				CLANG_WARN_DIRECT_OBJC_ISA_USAGE = YES_ERROR;
				CLANG_WARN_DOCUMENTATION_COMMENTS = YES;
				CLANG_WARN_EMPTY_BODY = YES;
				CLANG_WARN_ENUM_CONVERSION = YES;
				CLANG_WARN_INFINITE_RECURSION = YES;
				CLANG_WARN_INT_CONVERSION = YES;
				CLANG_WARN_NON_LITERAL_NULL_CONVERSION = YES;
				CLANG_WARN_OBJC_IMPLICIT_RETAIN_SELF = YES;
				CLANG_WARN_OBJC_LITERAL_CONVERSION = YES;
				CLANG_WARN_OBJC_ROOT_CLASS = YES_ERROR;
				CLANG_WARN_QUOTED_INCLUDE_IN_FRAMEWORK_HEADER = YES;
				CLANG_WARN_RANGE_LOOP_ANALYSIS = YES;
				CLANG_WARN_STRICT_PROTOTYPES = YES;
				CLANG_WARN_SUSPICIOUS_MOVE = YES;
				CLANG_WARN_UNGUARDED_AVAILABILITY = YES_AGGRESSIVE;
				CLANG_WARN_UNREACHABLE_CODE = YES;
				CLANG_WARN__DUPLICATE_METHOD_MATCH = YES;
				COPY_PHASE_STRIP = NO;
				DEBUG_INFORMATION_FORMAT = dwarf;
				ENABLE_STRICT_OBJC_MSGSEND = YES;
				ENABLE_TESTABILITY = YES;
				GCC_C_LANGUAGE_STANDARD = gnu11;
				GCC_DYNAMIC_NO_PIC = NO;
				GCC_NO_COMMON_BLOCKS = YES;
				GCC_OPTIMIZATION_LEVEL = 0;
				GCC_PREPROCESSOR_DEFINITIONS = (
					"DEBUG=1",
					"$(inherited)",
				);
				GCC_WARN_64_TO_32_BIT_CONVERSION = YES;
				GCC_WARN_ABOUT_RETURN_TYPE = YES_ERROR;
				GCC_WARN_UNDECLARED_SELECTOR = YES;
				GCC_WARN_UNINITIALIZED_AUTOS = YES_AGGRESSIVE;
				GCC_WARN_UNUSED_FUNCTION = YES;
				GCC_WARN_UNUSED_VARIABLE = YES;
				IPHONEOS_DEPLOYMENT_TARGET = 16.4;
				MTL_ENABLE_DEBUG_INFO = INCLUDE_SOURCE;
				MTL_FAST_MATH = YES;
				ONLY_ACTIVE_ARCH = YES;
				SDKROOT = iphoneos;
				SWIFT_ACTIVE_COMPILATION_CONDITIONS = DEBUG;
				SWIFT_OPTIMIZATION_LEVEL = "-Onone";
			};
			name = Debug;
		};
		3EE459652B0A5F5700E5255A /* Release */ = {
			isa = XCBuildConfiguration;
			buildSettings = {
				ALWAYS_SEARCH_USER_PATHS = NO;
				CLANG_ANALYZER_NONNULL = YES;
				CLANG_ANALYZER_NUMBER_OBJECT_CONVERSION = YES_AGGRESSIVE;
				CLANG_CXX_LANGUAGE_STANDARD = "gnu++20";
				CLANG_ENABLE_MODULES = YES;
				CLANG_ENABLE_OBJC_ARC = YES;
				CLANG_ENABLE_OBJC_WEAK = YES;
				CLANG_WARN_BLOCK_CAPTURE_AUTORELEASING = YES;
				CLANG_WARN_BOOL_CONVERSION = YES;
				CLANG_WARN_COMMA = YES;
				CLANG_WARN_CONSTANT_CONVERSION = YES;
				CLANG_WARN_DEPRECATED_OBJC_IMPLEMENTATIONS = YES;
				CLANG_WARN_DIRECT_OBJC_ISA_USAGE = YES_ERROR;
				CLANG_WARN_DOCUMENTATION_COMMENTS = YES;
				CLANG_WARN_EMPTY_BODY = YES;
				CLANG_WARN_ENUM_CONVERSION = YES;
				CLANG_WARN_INFINITE_RECURSION = YES;
				CLANG_WARN_INT_CONVERSION = YES;
				CLANG_WARN_NON_LITERAL_NULL_CONVERSION = YES;
				CLANG_WARN_OBJC_IMPLICIT_RETAIN_SELF = YES;
				CLANG_WARN_OBJC_LITERAL_CONVERSION = YES;
				CLANG_WARN_OBJC_ROOT_CLASS = YES_ERROR;
				CLANG_WARN_QUOTED_INCLUDE_IN_FRAMEWORK_HEADER = YES;
				CLANG_WARN_RANGE_LOOP_ANALYSIS = YES;
				CLANG_WARN_STRICT_PROTOTYPES = YES;
				CLANG_WARN_SUSPICIOUS_MOVE = YES;
				CLANG_WARN_UNGUARDED_AVAILABILITY = YES_AGGRESSIVE;
				CLANG_WARN_UNREACHABLE_CODE = YES;
				CLANG_WARN__DUPLICATE_METHOD_MATCH = YES;
				COPY_PHASE_STRIP = NO;
				DEBUG_INFORMATION_FORMAT = "dwarf-with-dsym";
				ENABLE_NS_ASSERTIONS = NO;
				ENABLE_STRICT_OBJC_MSGSEND = YES;
				GCC_C_LANGUAGE_STANDARD = gnu11;
				GCC_NO_COMMON_BLOCKS = YES;
				GCC_WARN_64_TO_32_BIT_CONVERSION = YES;
				GCC_WARN_ABOUT_RETURN_TYPE = YES_ERROR;
				GCC_WARN_UNDECLARED_SELECTOR = YES;
				GCC_WARN_UNINITIALIZED_AUTOS = YES_AGGRESSIVE;
				GCC_WARN_UNUSED_FUNCTION = YES;
				GCC_WARN_UNUSED_VARIABLE = YES;
				IPHONEOS_DEPLOYMENT_TARGET = 16.4;
				MTL_ENABLE_DEBUG_INFO = NO;
				MTL_FAST_MATH = YES;
				SDKROOT = iphoneos;
				SWIFT_COMPILATION_MODE = wholemodule;
				SWIFT_OPTIMIZATION_LEVEL = "-O";
				VALIDATE_PRODUCT = YES;
			};
			name = Release;
		};
		3EE459672B0A5F5700E5255A /* Debug */ = {
			isa = XCBuildConfiguration;
			buildSettings = {
				ASSETCATALOG_COMPILER_APPICON_NAME = AppIcon;
				ASSETCATALOG_COMPILER_GLOBAL_ACCENT_COLOR_NAME = AccentColor;
				CODE_SIGN_STYLE = Automatic;
				CURRENT_PROJECT_VERSION = 1;
				DEVELOPMENT_ASSET_PATHS = "\"learn-firebase/Preview Content\"";
				DEVELOPMENT_TEAM = KM6L8N2UZF;
				ENABLE_PREVIEWS = YES;
				GENERATE_INFOPLIST_FILE = YES;
				INFOPLIST_KEY_UIApplicationSceneManifest_Generation = YES;
				INFOPLIST_KEY_UIApplicationSupportsIndirectInputEvents = YES;
				INFOPLIST_KEY_UILaunchScreen_Generation = YES;
				INFOPLIST_KEY_UISupportedInterfaceOrientations_iPad = "UIInterfaceOrientationPortrait UIInterfaceOrientationPortraitUpsideDown UIInterfaceOrientationLandscapeLeft UIInterfaceOrientationLandscapeRight";
				INFOPLIST_KEY_UISupportedInterfaceOrientations_iPhone = "UIInterfaceOrientationPortrait UIInterfaceOrientationLandscapeLeft UIInterfaceOrientationLandscapeRight";
				LD_RUNPATH_SEARCH_PATHS = (
					"$(inherited)",
					"@executable_path/Frameworks",
				);
				MARKETING_VERSION = 1.0;
				PRODUCT_BUNDLE_IDENTIFIER = "example.com.learn-firebase";
				PRODUCT_NAME = "$(TARGET_NAME)";
				SWIFT_EMIT_LOC_STRINGS = YES;
				SWIFT_VERSION = 5.0;
				TARGETED_DEVICE_FAMILY = "1,2";
			};
			name = Debug;
		};
		3EE459682B0A5F5700E5255A /* Release */ = {
			isa = XCBuildConfiguration;
			buildSettings = {
				ASSETCATALOG_COMPILER_APPICON_NAME = AppIcon;
				ASSETCATALOG_COMPILER_GLOBAL_ACCENT_COLOR_NAME = AccentColor;
				CODE_SIGN_STYLE = Automatic;
				CURRENT_PROJECT_VERSION = 1;
				DEVELOPMENT_ASSET_PATHS = "\"learn-firebase/Preview Content\"";
				DEVELOPMENT_TEAM = KM6L8N2UZF;
				ENABLE_PREVIEWS = YES;
				GENERATE_INFOPLIST_FILE = YES;
				INFOPLIST_KEY_UIApplicationSceneManifest_Generation = YES;
				INFOPLIST_KEY_UIApplicationSupportsIndirectInputEvents = YES;
				INFOPLIST_KEY_UILaunchScreen_Generation = YES;
				INFOPLIST_KEY_UISupportedInterfaceOrientations_iPad = "UIInterfaceOrientationPortrait UIInterfaceOrientationPortraitUpsideDown UIInterfaceOrientationLandscapeLeft UIInterfaceOrientationLandscapeRight";
				INFOPLIST_KEY_UISupportedInterfaceOrientations_iPhone = "UIInterfaceOrientationPortrait UIInterfaceOrientationLandscapeLeft UIInterfaceOrientationLandscapeRight";
				LD_RUNPATH_SEARCH_PATHS = (
					"$(inherited)",
					"@executable_path/Frameworks",
				);
				MARKETING_VERSION = 1.0;
				PRODUCT_BUNDLE_IDENTIFIER = "example.com.learn-firebase";
				PRODUCT_NAME = "$(TARGET_NAME)";
				SWIFT_EMIT_LOC_STRINGS = YES;
				SWIFT_VERSION = 5.0;
				TARGETED_DEVICE_FAMILY = "1,2";
			};
			name = Release;
		};
/* End XCBuildConfiguration section */

/* Begin XCConfigurationList section */
		3EE459532B0A5F5500E5255A /* Build configuration list for PBXProject "learn-firebase" */ = {
			isa = XCConfigurationList;
			buildConfigurations = (
				3EE459642B0A5F5700E5255A /* Debug */,
				3EE459652B0A5F5700E5255A /* Release */,
			);
			defaultConfigurationIsVisible = 0;
			defaultConfigurationName = Release;
		};
		3EE459662B0A5F5700E5255A /* Build configuration list for PBXNativeTarget "learn-firebase" */ = {
			isa = XCConfigurationList;
			buildConfigurations = (
				3EE459672B0A5F5700E5255A /* Debug */,
				3EE459682B0A5F5700E5255A /* Release */,
			);
			defaultConfigurationIsVisible = 0;
			defaultConfigurationName = Release;
		};
/* End XCConfigurationList section */

/* Begin XCRemoteSwiftPackageReference section */
		3EE459692B0B16C900E5255A /* XCRemoteSwiftPackageReference "firebase-ios-sdk" */ = {
			isa = XCRemoteSwiftPackageReference;
			repositoryURL = "https://github.com/firebase/firebase-ios-sdk";
			requirement = {
				kind = upToNextMajorVersion;
				minimumVersion = 10.0.0;
			};
		};
/* End XCRemoteSwiftPackageReference section */

/* Begin XCSwiftPackageProductDependency section */
		3EE4596C2B0B184000E5255A /* FirebaseAuth */ = {
			isa = XCSwiftPackageProductDependency;
			package = 3EE459692B0B16C900E5255A /* XCRemoteSwiftPackageReference "firebase-ios-sdk" */;
			productName = FirebaseAuth;
		};
/* End XCSwiftPackageProductDependency section */
	};
	rootObject = 3EE459502B0A5F5500E5255A /* Project object */;
}
